
Microsoft Visual Studio Solution File, Format Version 12.00
# Visual Studio Version 17
VisualStudioVersion = 17.2.32519.379
MinimumVisualStudioVersion = 10.0.40219.1
Project("{FAE04EC0-301F-11D3-BF4B-00C04F79EFBC}") = "BaseProject.Web", "BaseProject.Web\BaseProject.Web.csproj", "{5C05AB32-D61A-4B48-B572-0EA042A365CD}"
EndProject
Global
	GlobalSection(SolutionConfigurationPlatforms) = preSolution
		Debug|Any CPU = Debug|Any CPU
		Release|Any CPU = Release|Any CPU
	EndGlobalSection
	GlobalSection(ProjectConfigurationPlatforms) = postSolution
		{5C05AB32-D61A-4B48-B572-0EA042A365CD}.Debug|Any CPU.ActiveCfg = Debug|Any CPU
		{5C05AB32-D61A-4B48-B572-0EA042A365CD}.Debug|Any CPU.Build.0 = Debug|Any CPU
		{5C05AB32-D61A-4B48-B572-0EA042A365CD}.Release|Any CPU.ActiveCfg = Release|Any CPU
		{5C05AB32-D61A-4B48-B572-0EA042A365CD}.Release|Any CPU.Build.0 = Release|Any CPU
	EndGlobalSection
	GlobalSection(SolutionProperties) = preSolution
		HideSolutionNode = FALSE
	EndGlobalSection
	GlobalSection(ExtensibilityGlobals) = postSolution
		SolutionGuid = {A7C612A2-795C-4FF4-B381-34BB890356AA}
	EndGlobalSection
EndGlobal
